<?xml version="1.0" encoding="utf-8"?>
<Project ToolsVersion="4.0" xmlns="http://schemas.microsoft.com/developer/msbuild/2003">
  <ItemGroup>
    <Filter Include="Resource Files">
      <UniqueIdentifier>{67DA6AB6-F800-4c08-8B7A-83BB121AAD01}</UniqueIdentifier>
      <Extensions>rc;ico;cur;bmp;dlg;rc2;rct;bin;rgs;gif;jpg;jpeg;jpe;resx;tiff;tif;png;wav;mfcribbon-ms</Extensions>
    </Filter>
    <Filter Include="FreamWork">
      <UniqueIdentifier>{0ab30d3c-9d3c-464f-8b93-b067cd7db424}</UniqueIdentifier>
    </Filter>
    <Filter Include="FreamWork\01. Header">
      <UniqueIdentifier>{bc5091fe-8161-4f07-be34-585f4327c6e2}</UniqueIdentifier>
    </Filter>
    <Filter Include="FreamWork\02. Core">
      <UniqueIdentifier>{2f3345fc-354c-4df0-a342-b413e988a7ba}</UniqueIdentifier>
    </Filter>
    <Filter Include="FreamWork\03. Manager">
      <UniqueIdentifier>{15b2c071-34da-43f2-9d5c-65846d99375f}</UniqueIdentifier>
    </Filter>
    <Filter Include="FreamWork\04. Object">
      <UniqueIdentifier>{f8c96f15-a61f-422a-909d-90a1b10f8b0c}</UniqueIdentifier>
    </Filter>
    <Filter Include="FreamWork\03. Manager\KeyMgr">
      <UniqueIdentifier>{bfe427de-453e-4ac9-ac43-c91950f6d548}</UniqueIdentifier>
    </Filter>
    <Filter Include="FreamWork\03. Manager\TimeMgr">
      <UniqueIdentifier>{76443bb8-4b92-4de5-bd76-c639779c17c5}</UniqueIdentifier>
    </Filter>
    <Filter Include="FreamWork\05. Scene">
      <UniqueIdentifier>{2f03a008-9e50-4a0e-ad69-c325758b0128}</UniqueIdentifier>
    </Filter>
    <Filter Include="FreamWork\03. Manager\SceneMgr">
      <UniqueIdentifier>{911c0394-9cbd-46a3-82d3-ba67b8402741}</UniqueIdentifier>
    </Filter>
    <Filter Include="FreamWork\04. Object\Player">
      <UniqueIdentifier>{771295e1-f463-45b7-9d1f-08042b013765}</UniqueIdentifier>
    </Filter>
    <Filter Include="FreamWork\04. Object\Monster">
      <UniqueIdentifier>{1af77d7f-d0a5-4d06-8519-500be666a025}</UniqueIdentifier>
    </Filter>
    <Filter Include="FreamWork\04. Object\Missile">
      <UniqueIdentifier>{1dab1dbd-d309-4742-b3ad-4b02ac9a9112}</UniqueIdentifier>
    </Filter>
    <Filter Include="FreamWork\06. Resource">
      <UniqueIdentifier>{b5bdd32b-0fd5-414b-a78b-2b798a73ca0e}</UniqueIdentifier>
    </Filter>
    <Filter Include="FreamWork\06. Resource\Texture">
      <UniqueIdentifier>{e529e953-bc50-4ccf-ab01-2e87d4fc0c5a}</UniqueIdentifier>
    </Filter>
    <Filter Include="FreamWork\06. Resource\Sound">
      <UniqueIdentifier>{53ec3dde-1301-464d-bc16-f5081b44705e}</UniqueIdentifier>
    </Filter>
    <Filter Include="FreamWork\03. Manager\PathMgr">
      <UniqueIdentifier>{ed1ccc23-7cc6-4033-ac2e-e5b327790603}</UniqueIdentifier>
    </Filter>
    <Filter Include="FreamWork\03. Manager\ResMgr">
      <UniqueIdentifier>{66dd22d9-c81b-4579-8249-76945ef4564f}</UniqueIdentifier>
    </Filter>
    <Filter Include="FreamWork\07. Compnent">
      <UniqueIdentifier>{196c1f8e-9e99-4d95-a543-658b70ff519d}</UniqueIdentifier>
    </Filter>
    <Filter Include="FreamWork\08. Module">
      <UniqueIdentifier>{4d6ed337-e0ad-46fb-b5ea-8ab98806f762}</UniqueIdentifier>
    </Filter>
    <Filter Include="FreamWork\03. Manager\CollisionMgr">
      <UniqueIdentifier>{8e3a98f7-e3d3-4e94-a23e-bfeeff5a20bb}</UniqueIdentifier>
    </Filter>
    <Filter Include="FreamWork\03. Manager\EvenMgr">
      <UniqueIdentifier>{8f05edba-f49f-4862-8012-e050128d5e4d}</UniqueIdentifier>
    </Filter>
    <Filter Include="Default">
      <UniqueIdentifier>{532d00c4-0f81-449d-b72e-6d1ed4acb678}</UniqueIdentifier>
    </Filter>
    <Filter Include="FreamWork\05. Scene\Scene_start">
      <UniqueIdentifier>{639227a7-f654-445d-bd9a-b40a71bd3fda}</UniqueIdentifier>
    </Filter>
    <Filter Include="FreamWork\05. Scene\Scene_Tool">
      <UniqueIdentifier>{52e38cc8-db68-48af-be92-b245c7d37e60}</UniqueIdentifier>
    </Filter>
    <Filter Include="FreamWork\07. Compnent\Animator">
      <UniqueIdentifier>{285a0671-e26e-4686-b505-b6451b1fd028}</UniqueIdentifier>
    </Filter>
    <Filter Include="FreamWork\07. Compnent\Collider">
      <UniqueIdentifier>{330de395-3341-4ded-bca9-25db5c483649}</UniqueIdentifier>
    </Filter>
    <Filter Include="FreamWork\07. Compnent\Animator\Animation">
      <UniqueIdentifier>{192c16c4-c722-420c-8308-28feb9d3e6d2}</UniqueIdentifier>
    </Filter>
    <Filter Include="FreamWork\03. Manager\Camera">
      <UniqueIdentifier>{b4a75ea7-90e3-4cba-b1be-b4d42bd06591}</UniqueIdentifier>
    </Filter>
    <Filter Include="FreamWork\04. Object\Tile">
      <UniqueIdentifier>{11027ab6-1418-4750-a31f-4d5d1569632e}</UniqueIdentifier>
    </Filter>
  </ItemGroup>
  <ItemGroup>
    <ClInclude Include="CCore.h">
      <Filter>FreamWork\02. Core</Filter>
    </ClInclude>
    <ClInclude Include="CObject.h">
      <Filter>FreamWork\04. Object</Filter>
    </ClInclude>
    <ClInclude Include="CKeyMgr.h">
      <Filter>FreamWork\03. Manager\KeyMgr</Filter>
    </ClInclude>
    <ClInclude Include="CTimeMgr.h">
      <Filter>FreamWork\03. Manager\TimeMgr</Filter>
    </ClInclude>
    <ClInclude Include="CScene.h">
      <Filter>FreamWork\05. Scene</Filter>
    </ClInclude>
    <ClInclude Include="CSceneMgr.h">
      <Filter>FreamWork\03. Manager\SceneMgr</Filter>
    </ClInclude>
    <ClInclude Include="CPlayer.h">
      <Filter>FreamWork\04. Object\Player</Filter>
    </ClInclude>
    <ClInclude Include="CMonster.h">
      <Filter>FreamWork\04. Object\Monster</Filter>
    </ClInclude>
    <ClInclude Include="CMissile.h">
      <Filter>FreamWork\04. Object\Missile</Filter>
    </ClInclude>
    <ClInclude Include="CRes.h">
      <Filter>FreamWork\06. Resource</Filter>
    </ClInclude>
    <ClInclude Include="CTexture.h">
      <Filter>FreamWork\06. Resource\Texture</Filter>
    </ClInclude>
    <ClInclude Include="CSound.h">
      <Filter>FreamWork\06. Resource\Sound</Filter>
    </ClInclude>
    <ClInclude Include="CPathMgr.h">
      <Filter>FreamWork\03. Manager\PathMgr</Filter>
    </ClInclude>
    <ClInclude Include="CResMgr.h">
      <Filter>FreamWork\03. Manager\ResMgr</Filter>
    </ClInclude>
    <ClInclude Include="SelectGDI.h">
      <Filter>FreamWork\08. Module</Filter>
    </ClInclude>
    <ClInclude Include="CCollisionMgr.h">
      <Filter>FreamWork\03. Manager\CollisionMgr</Filter>
    </ClInclude>
    <ClInclude Include="CEventMgr.h">
      <Filter>FreamWork\03. Manager\EvenMgr</Filter>
    </ClInclude>
    <ClInclude Include="Client.h">
      <Filter>Default</Filter>
    </ClInclude>
    <ClInclude Include="framework.h">
      <Filter>Default</Filter>
    </ClInclude>
    <ClInclude Include="Resource.h">
      <Filter>Default</Filter>
    </ClInclude>
    <ClInclude Include="targetver.h">
      <Filter>Default</Filter>
    </ClInclude>
    <ClInclude Include="MyVec2.h">
      <Filter>FreamWork\01. Header</Filter>
    </ClInclude>
    <ClInclude Include="pch.h">
      <Filter>FreamWork\01. Header</Filter>
    </ClInclude>
    <ClInclude Include="define.h">
      <Filter>FreamWork\01. Header</Filter>
    </ClInclude>
    <ClInclude Include="func.h">
      <Filter>FreamWork\01. Header</Filter>
    </ClInclude>
    <ClInclude Include="CScene_start.h">
      <Filter>FreamWork\05. Scene\Scene_start</Filter>
    </ClInclude>
    <ClInclude Include="CScene_Tool.h">
      <Filter>FreamWork\05. Scene\Scene_Tool</Filter>
    </ClInclude>
    <ClInclude Include="CGuidMissile.h">
      <Filter>FreamWork\04. Object\Missile</Filter>
    </ClInclude>
    <ClInclude Include="CCollider.h">
      <Filter>FreamWork\07. Compnent\Collider</Filter>
    </ClInclude>
    <ClInclude Include="CAnimator.h">
      <Filter>FreamWork\07. Compnent\Animator</Filter>
    </ClInclude>
    <ClInclude Include="CAnimation.h">
      <Filter>FreamWork\07. Compnent\Animator\Animation</Filter>
    </ClInclude>
    <ClInclude Include="CCamera.h">
      <Filter>FreamWork\03. Manager\Camera</Filter>
    </ClInclude>
    <ClInclude Include="CTile.h">
      <Filter>FreamWork\04. Object\Tile</Filter>
    </ClInclude>
    <ClInclude Include="global.h">
      <Filter>FreamWork\01. Header</Filter>
    </ClInclude>
  </ItemGroup>
  <ItemGroup>
    <ResourceCompile Include="Client.rc">
      <Filter>Resource Files</Filter>
    </ResourceCompile>
  </ItemGroup>
  <ItemGroup>
    <Image Include="small.ico">
      <Filter>Resource Files</Filter>
    </Image>
    <Image Include="Client.ico">
      <Filter>Resource Files</Filter>
    </Image>
  </ItemGroup>
  <ItemGroup>
    <ClCompile Include="Client.cpp" />
    <ClCompile Include="CCore.cpp">
      <Filter>FreamWork\02. Core</Filter>
    </ClCompile>
    <ClCompile Include="CObject.cpp">
      <Filter>FreamWork\04. Object</Filter>
    </ClCompile>
    <ClCompile Include="CKeyMgr.cpp">
      <Filter>FreamWork\03. Manager\KeyMgr</Filter>
    </ClCompile>
    <ClCompile Include="CTimeMgr.cpp">
      <Filter>FreamWork\03. Manager\TimeMgr</Filter>
    </ClCompile>
    <ClCompile Include="CScene.cpp">
      <Filter>FreamWork\05. Scene</Filter>
    </ClCompile>
    <ClCompile Include="CSceneMgr.cpp">
      <Filter>FreamWork\03. Manager\SceneMgr</Filter>
    </ClCompile>
    <ClCompile Include="CPlayer.cpp">
      <Filter>FreamWork\04. Object\Player</Filter>
    </ClCompile>
    <ClCompile Include="CMonster.cpp">
      <Filter>FreamWork\04. Object\Monster</Filter>
    </ClCompile>
    <ClCompile Include="CMissile.cpp">
      <Filter>FreamWork\04. Object\Missile</Filter>
    </ClCompile>
    <ClCompile Include="CRes.cpp">
      <Filter>FreamWork\06. Resource</Filter>
    </ClCompile>
    <ClCompile Include="CTexture.cpp">
      <Filter>FreamWork\06. Resource\Texture</Filter>
    </ClCompile>
    <ClCompile Include="CSound.cpp">
      <Filter>FreamWork\06. Resource\Sound</Filter>
    </ClCompile>
    <ClCompile Include="CPathMgr.cpp">
      <Filter>FreamWork\03. Manager\PathMgr</Filter>
    </ClCompile>
    <ClCompile Include="CResMgr.cpp">
      <Filter>FreamWork\03. Manager\ResMgr</Filter>
    </ClCompile>
    <ClCompile Include="SelectGDI.cpp">
      <Filter>FreamWork\08. Module</Filter>
    </ClCompile>
    <ClCompile Include="CCollisionMgr.cpp">
      <Filter>FreamWork\03. Manager\CollisionMgr</Filter>
    </ClCompile>
    <ClCompile Include="CEventMgr.cpp">
      <Filter>FreamWork\03. Manager\EvenMgr</Filter>
    </ClCompile>
    <ClCompile Include="func.cpp" />
    <ClCompile Include="CScene_start.cpp">
      <Filter>FreamWork\05. Scene\Scene_start</Filter>
    </ClCompile>
    <ClCompile Include="CScene_Tool.cpp">
      <Filter>FreamWork\05. Scene\Scene_Tool</Filter>
    </ClCompile>
    <ClCompile Include="CGuidMissile.cpp">
      <Filter>FreamWork\04. Object\Missile</Filter>
    </ClCompile>
    <ClCompile Include="CCollider.cpp">
      <Filter>FreamWork\07. Compnent\Collider</Filter>
    </ClCompile>
    <ClCompile Include="CAnimator.cpp">
      <Filter>FreamWork\07. Compnent\Animator</Filter>
    </ClCompile>
    <ClCompile Include="CAnimation.cpp">
      <Filter>FreamWork\07. Compnent\Animator\Animation</Filter>
    </ClCompile>
    <ClCompile Include="CCamera.cpp">
      <Filter>FreamWork\03. Manager\Camera</Filter>
    </ClCompile>
    <ClCompile Include="CTile.cpp">
      <Filter>FreamWork\04. Object\Tile</Filter>
    </ClCompile>
  </ItemGroup>
</Project>